// !$*UTF8*$!
{
	archiveVersion = 1;
	classes = {
	};
	objectVersion = 46;
	objects = {

/* Begin PBXBuildFile section */
		EF25F6531C3C2ABD00BAD712 /* AppDelegate.swift in Sources */ = {isa = PBXBuildFile; fileRef = EF25F6521C3C2ABD00BAD712 /* AppDelegate.swift */; };
		EF25F6551C3C2ABD00BAD712 /* ViewController.swift in Sources */ = {isa = PBXBuildFile; fileRef = EF25F6541C3C2ABD00BAD712 /* ViewController.swift */; };
		EF25F6581C3C2ABD00BAD712 /* Main.storyboard in Resources */ = {isa = PBXBuildFile; fileRef = EF25F6561C3C2ABD00BAD712 /* Main.storyboard */; };
		EF25F65A1C3C2ABD00BAD712 /* Assets.xcassets in Resources */ = {isa = PBXBuildFile; fileRef = EF25F6591C3C2ABD00BAD712 /* Assets.xcassets */; };
		EF25F65D1C3C2ABD00BAD712 /* LaunchScreen.storyboard in Resources */ = {isa = PBXBuildFile; fileRef = EF25F65B1C3C2ABD00BAD712 /* LaunchScreen.storyboard */; };
/* End PBXBuildFile section */

/* Begin PBXFileReference section */
		EF25F64F1C3C2ABD00BAD712 /* InputAccessoryViewExample.app */ = {isa = PBXFileReference; explicitFileType = wrapper.application; includeInIndex = 0; path = InputAccessoryViewExample.app; sourceTree = BUILT_PRODUCTS_DIR; };
		EF25F6521C3C2ABD00BAD712 /* AppDelegate.swift */ = {isa = PBXFileReference; lastKnownFileType = sourcecode.swift; path = AppDelegate.swift; sourceTree = "<group>"; };
		EF25F6541C3C2ABD00BAD712 /* ViewController.swift */ = {isa = PBXFileReference; lastKnownFileType = sourcecode.swift; path = ViewController.swift; sourceTree = "<group>"; };
		EF25F6571C3C2ABD00BAD712 /* Base */ = {isa = PBXFileReference; lastKnownFileType = file.storyboard; name = Base; path = Base.lproj/Main.storyboard; sourceTree = "<group>"; };
		EF25F6591C3C2ABD00BAD712 /* Assets.xcassets */ = {isa = PBXFileReference; lastKnownFileType = folder.assetcatalog; path = Assets.xcassets; sourceTree = "<group>"; };
		EF25F65C1C3C2ABD00BAD712 /* Base */ = {isa = PBXFileReference; lastKnownFileType = file.storyboard; name = Base; path = Base.lproj/LaunchScreen.storyboard; sourceTree = "<group>"; };
		EF25F65E1C3C2ABD00BAD712 /* Info.plist */ = {isa = PBXFileReference; lastKnownFileType = text.plist.xml; path = Info.plist; sourceTree = "<group>"; };
/* End PBXFileReference section */

/* Begin PBXFrameworksBuildPhase section */
		EF25F64C1C3C2ABD00BAD712 /* Frameworks */ = {
			isa = PBXFrameworksBuildPhase;
			buildActionMask = 2147483647;
			files = (
			);
			runOnlyForDeploymentPostprocessing = 0;
		};
/* End PBXFrameworksBuildPhase section */

/* Begin PBXGroup section */
		EF25F6461C3C2ABD00BAD712 = {
			isa = PBXGroup;
			children = (
				EF25F6511C3C2ABD00BAD712 /* InputAccessoryViewExample */,
				EF25F6501C3C2ABD00BAD712 /* Products */,
			);
			sourceTree = "<group>";
		};
		EF25F6501C3C2ABD00BAD712 /* Products */ = {
			isa = PBXGroup;
			children = (
				EF25F64F1C3C2ABD00BAD712 /* InputAccessoryViewExample.app */,
			);
			name = Products;
			sourceTree = "<group>";
		};
		EF25F6511C3C2ABD00BAD712 /* InputAccessoryViewExample */ = {
			isa = PBXGroup;
			children = (
				EF25F6521C3C2ABD00BAD712 /* AppDelegate.swift */,
				EF25F6541C3C2ABD00BAD712 /* ViewController.swift */,
				EF25F6561C3C2ABD00BAD712 /* Main.storyboard */,
				EF25F6591C3C2ABD00BAD712 /* Assets.xcassets */,
				EF25F65B1C3C2ABD00BAD712 /* LaunchScreen.storyboard */,
				EF25F65E1C3C2ABD00BAD712 /* Info.plist */,
			);
			path = InputAccessoryViewExample;
			sourceTree = "<group>";
		};
/* End PBXGroup section */

/* Begin PBXNativeTarget section */
		EF25F64E1C3C2ABD00BAD712 /* InputAccessoryViewExample */ = {
			isa = PBXNativeTarget;
			buildConfigurationList = EF25F6611C3C2ABD00BAD712 /* Build configuration list for PBXNativeTarget "InputAccessoryViewExample" */;
			buildPhases = (
				EF25F64B1C3C2ABD00BAD712 /* Sources */,
				EF25F64C1C3C2ABD00BAD712 /* Frameworks */,
				EF25F64D1C3C2ABD00BAD712 /* Resources */,
			);
			buildRules = (
			);
			dependencies = (
			);
			name = InputAccessoryViewExample;
			productName = InputAccessoryViewExample;
			productReference = EF25F64F1C3C2ABD00BAD712 /* InputAccessoryViewExample.app */;
			productType = "com.apple.product-type.application";
		};
/* End PBXNativeTarget section */

/* Begin PBXProject section */
		EF25F6471C3C2ABD00BAD712 /* Project object */ = {
			isa = PBXProject;
			attributes = {
				LastSwiftUpdateCheck = 0720;
				LastUpgradeCheck = 0720;
				ORGANIZATIONNAME = salabaha;
				TargetAttributes = {
					EF25F64E1C3C2ABD00BAD712 = {
						CreatedOnToolsVersion = 7.2;
					};
				};
			};
			buildConfigurationList = EF25F64A1C3C2ABD00BAD712 /* Build configuration list for PBXProject "InputAccessoryViewExample" */;
			compatibilityVersion = "Xcode 3.2";
			developmentRegion = English;
			hasScannedForEncodings = 0;
			knownRegions = (
				en,
				Base,
			);
			mainGroup = EF25F6461C3C2ABD00BAD712;
			productRefGroup = EF25F6501C3C2ABD00BAD712 /* Products */;
			projectDirPath = "";
			projectRoot = "";
			targets = (
				EF25F64E1C3C2ABD00BAD712 /* InputAccessoryViewExample */,
			);
		};
/* End PBXProject section */

/* Begin PBXResourcesBuildPhase section */
		EF25F64D1C3C2ABD00BAD712 /* Resources */ = {
			isa = PBXResourcesBuildPhase;
			buildActionMask = 2147483647;
			files = (
				EF25F65D1C3C2ABD00BAD712 /* LaunchScreen.storyboard in Resources */,
				EF25F65A1C3C2ABD00BAD712 /* Assets.xcassets in Resources */,
				EF25F6581C3C2ABD00BAD712 /* Main.storyboard in Resources */,
			);
			runOnlyForDeploymentPostprocessing = 0;
		};
/* End PBXResourcesBuildPhase section */

/* Begin PBXSourcesBuildPhase section */
		EF25F64B1C3C2ABD00BAD712 /* Sources */ = {
			isa = PBXSourcesBuildPhase;
			buildActionMask = 2147483647;
			files = (
				EF25F6551C3C2ABD00BAD712 /* ViewController.swift in Sources */,
				EF25F6531C3C2ABD00BAD712 /* AppDelegate.swift in Sources */,
			);
			runOnlyForDeploymentPostprocessing = 0;
		};
/* End PBXSourcesBuildPhase section */

/* Begin PBXVariantGroup section */
		EF25F6561C3C2ABD00BAD712 /* Main.storyboard */ = {
			isa = PBXVariantGroup;
			children = (
				EF25F6571C3C2ABD00BAD712 /* Base */,
			);
			name = Main.storyboard;
			sourceTree = "<group>";
		};
		EF25F65B1C3C2ABD00BAD712 /* LaunchScreen.storyboard */ = {
			isa = PBXVariantGroup;
			children = (
				EF25F65C1C3C2ABD00BAD712 /* Base */,
			);
			name = LaunchScreen.storyboard;
			sourceTree = "<group>";
		};
/* End PBXVariantGroup section */

/* Begin XCBuildConfiguration section */
		EF25F65F1C3C2ABD00BAD712 /* Debug */ = {
			isa = XCBuildConfiguration;
			buildSettings = {
				ALWAYS_SEARCH_USER_PATHS = NO;
				CLANG_CXX_LANGUAGE_STANDARD = "gnu++0x";
				CLANG_CXX_LIBRARY = "libc++";
				CLANG_ENABLE_MODULES = YES;
				CLANG_ENABLE_OBJC_ARC = YES;
				CLANG_WARN_BOOL_CONVERSION = YES;
				CLANG_WARN_CONSTANT_CONVERSION = YES;
				CLANG_WARN_DIRECT_OBJC_ISA_USAGE = YES_ERROR;
				CLANG_WARN_EMPTY_BODY = YES;
				CLANG_WARN_ENUM_CONVERSION = YES;
				CLANG_WARN_INT_CONVERSION = YES;
				CLANG_WARN_OBJC_ROOT_CLASS = YES_ERROR;
				CLANG_WARN_UNREACHABLE_CODE = YES;
				CLANG_WARN__DUPLICATE_METHOD_MATCH = YES;
				"CODE_SIGN_IDENTITY[sdk=iphoneos*]" = "iPhone Developer";
				COPY_PHASE_STRIP = NO;
				DEBUG_INFORMATION_FORMAT = dwarf;
				ENABLE_STRICT_OBJC_MSGSEND = YES;
				ENABLE_TESTABILITY = YES;
				GCC_C_LANGUAGE_STANDARD = gnu99;
				GCC_DYNAMIC_NO_PIC = NO;
				GCC_NO_COMMON_BLOCKS = YES;
				GCC_OPTIMIZATION_LEVEL = 0;
				GCC_PREPROCESSOR_DEFINITIONS = (
					"DEBUG=1",
					"$(inherited)",
				);
				GCC_WARN_64_TO_32_BIT_CONVERSION = YES;
				GCC_WARN_ABOUT_RETURN_TYPE = YES_ERROR;
				GCC_WARN_UNDECLARED_SELECTOR = YES;
				GCC_WARN_UNINITIALIZED_AUTOS = YES_AGGRESSIVE;
				GCC_WARN_UNUSED_FUNCTION = YES;
				GCC_WARN_UNUSED_VARIABLE = YES;
				IPHONEOS_DEPLOYMENT_TARGET = 9.2;
				MTL_ENABLE_DEBUG_INFO = YES;
				ONLY_ACTIVE_ARCH = YES;
				SDKROOT = iphoneos;
				SWIFT_OPTIMIZATION_LEVEL = "-Onone";
				TARGETED_DEVICE_FAMILY = "1,2";
			};
			name = Debug;
		};
		EF25F6601C3C2ABD00BAD712 /* Release */ = {
			isa = XCBuildConfiguration;
			buildSettings = {
				ALWAYS_SEARCH_USER_PATHS = NO;
				CLANG_CXX_LANGUAGE_STANDARD = "gnu++0x";
				CLANG_CXX_LIBRARY = "libc++";
				CLANG_ENABLE_MODULES = YES;
				CLANG_ENABLE_OBJC_ARC = YES;
				CLANG_WARN_BOOL_CONVERSION = YES;
				CLANG_WARN_CONSTANT_CONVERSION = YES;
				CLANG_WARN_DIRECT_OBJC_ISA_USAGE = YES_ERROR;
				CLANG_WARN_EMPTY_BODY = YES;
				CLANG_WARN_ENUM_CONVERSION = YES;
				CLANG_WARN_INT_CONVERSION = YES;
				CLANG_WARN_OBJC_ROOT_CLASS = YES_ERROR;
				CLANG_WARN_UNREACHABLE_CODE = YES;
				CLANG_WARN__DUPLICATE_METHOD_MATCH = YES;
				"CODE_SIGN_IDENTITY[sdk=iphoneos*]" = "iPhone Developer";
				COPY_PHASE_STRIP = NO;
				DEBUG_INFORMATION_FORMAT = "dwarf-with-dsym";
				ENABLE_NS_ASSERTIONS = NO;
				ENABLE_STRICT_OBJC_MSGSEND = YES;
				GCC_C_LANGUAGE_STANDARD = gnu99;
				GCC_NO_COMMON_BLOCKS = YES;
				GCC_WARN_64_TO_32_BIT_CONVERSION = YES;
				GCC_WARN_ABOUT_RETURN_TYPE = YES_ERROR;
				GCC_WARN_UNDECLARED_SELECTOR = YES;
				GCC_WARN_UNINITIALIZED_AUTOS = YES_AGGRESSIVE;
				GCC_WARN_UNUSED_FUNCTION = YES;
				GCC_WARN_UNUSED_VARIABLE = YES;
				IPHONEOS_DEPLOYMENT_TARGET = 9.2;
				MTL_ENABLE_DEBUG_INFO = NO;
				SDKROOT = iphoneos;
				TARGETED_DEVICE_FAMILY = "1,2";
				VALIDATE_PRODUCT = YES;
			};
			name = Release;
		};
		EF25F6621C3C2ABD00BAD712 /* Debug */ = {
			isa = XCBuildConfiguration;
			buildSettings = {
				ASSETCATALOG_COMPILER_APPICON_NAME = AppIcon;
				INFOPLIST_FILE = InputAccessoryViewExample/Info.plist;
				LD_RUNPATH_SEARCH_PATHS = "$(inherited) @executable_path/Frameworks";
				PRODUCT_BUNDLE_IDENTIFIER = com.salabaha.InputAccessoryViewExample;
				PRODUCT_NAME = "$(TARGET_NAME)";
			};
			name = Debug;
		};
		EF25F6631C3C2ABD00BAD712 /* Release */ = {
			isa = XCBuildConfiguration;
			buildSettings = {
				ASSETCATALOG_COMPILER_APPICON_NAME = AppIcon;
				INFOPLIST_FILE = InputAccessoryViewExample/Info.plist;
				LD_RUNPATH_SEARCH_PATHS = "$(inherited) @executable_path/Frameworks";
				PRODUCT_BUNDLE_IDENTIFIER = com.salabaha.InputAccessoryViewExample;
				PRODUCT_NAME = "$(TARGET_NAME)";
			};
			name = Release;
		};
/* End XCBuildConfiguration section */

/* Begin XCConfigurationList section */
		EF25F64A1C3C2ABD00BAD712 /* Build configuration list for PBXProject "InputAccessoryViewExample" */ = {
			isa = XCConfigurationList;
			buildConfigurations = (
				EF25F65F1C3C2ABD00BAD712 /* Debug */,
				EF25F6601C3C2ABD00BAD712 /* Release */,
			);
			defaultConfigurationIsVisible = 0;
			defaultConfigurationName = Release;
		};
		EF25F6611C3C2ABD00BAD712 /* Build configuration list for PBXNativeTarget "InputAccessoryViewExample" */ = {
			isa = XCConfigurationList;
			buildConfigurations = (
				EF25F6621C3C2ABD00BAD712 /* Debug */,
				EF25F6631C3C2ABD00BAD712 /* Release */,
			);
			defaultConfigurationIsVisible = 0;
		};
/* End XCConfigurationList section */
	};
	rootObject = EF25F6471C3C2ABD00BAD712 /* Project object */;
}
